
Microsoft Visual Studio Solution File, Format Version 12.00
# Visual Studio Version 16
VisualStudioVersion = 16.0.31729.503
MinimumVisualStudioVersion = 10.0.40219.1
Project("{9A19103F-16F7-4668-BE54-9A1E7A4F7556}") = "Mc2.CrudTest.Presentation.Front", "Mc2.CrudTest.Presentation\Front\Mc2.CrudTest.Presentation.Front.csproj", "{4B62EAE3-1858-4833-9E36-EE77FADC2328}"
EndProject
Project("{9A19103F-16F7-4668-BE54-9A1E7A4F7556}") = "Mc2.CrudTest.AcceptanceTests", "Mc2.CrudTest.AcceptanceTests\Mc2.CrudTest.AcceptanceTests.csproj", "{00E0E714-1EB4-4B62-950F-AE7C3BFD6766}"
EndProject
Project("{9A19103F-16F7-4668-BE54-9A1E7A4F7556}") = "Mc2.CrudTest.Shared", "Mc2.CrudTest.Presentation\Shared\Mc2.CrudTest.Shared.csproj", "{661369DC-0F78-4889-BA3B-639513A49789}"
EndProject
Project("{9A19103F-16F7-4668-BE54-9A1E7A4F7556}") = "Mc2.CrudTest.Presentation.Server", "Mc2.CrudTest.Presentation\Server\Mc2.CrudTest.Presentation.Server.csproj", "{8D41010B-AEF1-4742-B7EC-6A5AE62C45FC}"
EndProject
Project("{9A19103F-16F7-4668-BE54-9A1E7A4F7556}") = "Mc2.CrudTest.Domain", "Mc2.CrudTest.Domain\Mc2.CrudTest.Domain.csproj", "{93A7C558-53FC-435B-AA5E-DA99A2A34E91}"
EndProject
Project("{9A19103F-16F7-4668-BE54-9A1E7A4F7556}") = "Mc2.CrudTest.Domain.Contract", "Mc2.CrudTest.Domain.Contract\Mc2.CrudTest.Domain.Contract.csproj", "{79A30842-924B-4650-869E-6CCF0B9F90DF}"
EndProject
Project("{9A19103F-16F7-4668-BE54-9A1E7A4F7556}") = "Framework.Domain", "Framework.Domain\Framework.Domain.csproj", "{C79914D0-673E-47D6-8277-78B82F89543D}"
EndProject
Project("{2150E333-8FDC-42A3-9474-1A3956D46DE8}") = "Framework", "Framework", "{094BBE03-34DF-4F3B-BA58-D18D5CF25D40}"
EndProject
Project("{9A19103F-16F7-4668-BE54-9A1E7A4F7556}") = "Framework.Core", "Framework.Core\Framework.Core.csproj", "{CF362B11-40A3-458F-936F-55926CEEEA94}"
EndProject
Project("{2150E333-8FDC-42A3-9474-1A3956D46DE8}") = "WriteModel", "WriteModel", "{375A86A1-FE7C-4D94-99AA-9BBCB38A8D23}"
EndProject
Project("{2150E333-8FDC-42A3-9474-1A3956D46DE8}") = "Domain", "Domain", "{7E4DE892-9224-47EB-8DFC-607472DDDAB2}"
EndProject
Project("{2150E333-8FDC-42A3-9474-1A3956D46DE8}") = "Application", "Application", "{DBB5246E-A9E6-4CC9-8942-64759960EF57}"
EndProject
Project("{2150E333-8FDC-42A3-9474-1A3956D46DE8}") = "Infrastructure", "Infrastructure", "{8BDD6514-5B74-433F-82D7-F9DEC6A657CA}"
EndProject
Project("{9A19103F-16F7-4668-BE54-9A1E7A4F7556}") = "Mc2.CrudTest.Persistence", "Mc2.CrudTest.Persistence\Mc2.CrudTest.Persistence.csproj", "{77827DAA-594D-4C59-A010-EC8E144F2167}"
EndProject
Project("{9A19103F-16F7-4668-BE54-9A1E7A4F7556}") = "Mc2.CrudTest.Spec", "Mc2.CrudTest.Spec\Mc2.CrudTest.Spec.csproj", "{74C78383-6FB2-4BF1-A801-E50823935CF4}"
EndProject
Project("{9A19103F-16F7-4668-BE54-9A1E7A4F7556}") = "Mc2.CrudTest.Application", "Mc2.CrudTest.Application\Mc2.CrudTest.Application.csproj", "{EF2DE6D4-4D02-4E4E-836D-9E2DFE77C9A2}"
EndProject
Project("{9A19103F-16F7-4668-BE54-9A1E7A4F7556}") = "Mc2.CrudTest.Application.Contract", "Mc2.CrudTest.Application.Contract\Mc2.CrudTest.Application.Contract.csproj", "{7A401354-83CE-41A6-BF49-DBB011F4BCB2}"
EndProject
Project("{9A19103F-16F7-4668-BE54-9A1E7A4F7556}") = "Mc2.CrudTest.Presentation.Contract", "Mc2.CrudTest.Presentation.Contract\Mc2.CrudTest.Presentation.Contract.csproj", "{D7C5A739-2911-4F64-8DF9-23A5BDA5DA9B}"
EndProject
Project("{9A19103F-16F7-4668-BE54-9A1E7A4F7556}") = "Framework.Configuration.Autofac", "Framework.Configuration.Autofac\Framework.Configuration.Autofac.csproj", "{CEEF99CF-C136-4D5F-B1E1-73F950E453BF}"
EndProject
Project("{9A19103F-16F7-4668-BE54-9A1E7A4F7556}") = "Framework.Bus.MassTransit", "Framework.Bus.MassTransit\Framework.Bus.MassTransit.csproj", "{595E7AE2-EB5B-4B2B-9CBD-552A602B447A}"
EndProject
Project("{2150E333-8FDC-42A3-9474-1A3956D46DE8}") = "ReadModel", "ReadModel", "{B2C43ED6-1C63-4406-A458-1499C23BFD49}"
EndProject
Project("{9A19103F-16F7-4668-BE54-9A1E7A4F7556}") = "Mc2.CrudTest.QueryService", "Mc2.CrudTest.QueryService\Mc2.CrudTest.QueryService.csproj", "{A1BF44B2-201A-4BA5-B349-3F8ADB77A811}"
EndProject
Project("{9A19103F-16F7-4668-BE54-9A1E7A4F7556}") = "Mc2.CrudTest.QueryService.Contract", "Mc2.CrudTest.QueryService.Contract\Mc2.CrudTest.QueryService.Contract.csproj", "{E3D304EA-0EB0-4F71-9B0F-81C10140882F}"
EndProject
Project("{9A19103F-16F7-4668-BE54-9A1E7A4F7556}") = "Framework.EventStore.Sql", "Framework.EventStore.Sql\Framework.EventStore.Sql.csproj", "{68A90F0E-56D1-4007-85F3-BF344B617F76}"
EndProject
Project("{E53339B2-1760-4266-BCC7-CA923CBCF16C}") = "docker-compose", "docker-compose.dcproj", "{43C570CF-9FA9-4A11-8B14-1747C7B73851}"
EndProject
Global
	GlobalSection(SolutionConfigurationPlatforms) = preSolution
		Debug|Any CPU = Debug|Any CPU
		Release|Any CPU = Release|Any CPU
	EndGlobalSection
	GlobalSection(ProjectConfigurationPlatforms) = postSolution
		{4B62EAE3-1858-4833-9E36-EE77FADC2328}.Debug|Any CPU.ActiveCfg = Debug|Any CPU
		{4B62EAE3-1858-4833-9E36-EE77FADC2328}.Debug|Any CPU.Build.0 = Debug|Any CPU
		{4B62EAE3-1858-4833-9E36-EE77FADC2328}.Release|Any CPU.ActiveCfg = Release|Any CPU
		{4B62EAE3-1858-4833-9E36-EE77FADC2328}.Release|Any CPU.Build.0 = Release|Any CPU
		{00E0E714-1EB4-4B62-950F-AE7C3BFD6766}.Debug|Any CPU.ActiveCfg = Debug|Any CPU
		{00E0E714-1EB4-4B62-950F-AE7C3BFD6766}.Debug|Any CPU.Build.0 = Debug|Any CPU
		{00E0E714-1EB4-4B62-950F-AE7C3BFD6766}.Release|Any CPU.ActiveCfg = Release|Any CPU
		{00E0E714-1EB4-4B62-950F-AE7C3BFD6766}.Release|Any CPU.Build.0 = Release|Any CPU
		{661369DC-0F78-4889-BA3B-639513A49789}.Debug|Any CPU.ActiveCfg = Debug|Any CPU
		{661369DC-0F78-4889-BA3B-639513A49789}.Debug|Any CPU.Build.0 = Debug|Any CPU
		{661369DC-0F78-4889-BA3B-639513A49789}.Release|Any CPU.ActiveCfg = Release|Any CPU
		{661369DC-0F78-4889-BA3B-639513A49789}.Release|Any CPU.Build.0 = Release|Any CPU
		{8D41010B-AEF1-4742-B7EC-6A5AE62C45FC}.Debug|Any CPU.ActiveCfg = Debug|Any CPU
		{8D41010B-AEF1-4742-B7EC-6A5AE62C45FC}.Debug|Any CPU.Build.0 = Debug|Any CPU
		{8D41010B-AEF1-4742-B7EC-6A5AE62C45FC}.Release|Any CPU.ActiveCfg = Release|Any CPU
		{8D41010B-AEF1-4742-B7EC-6A5AE62C45FC}.Release|Any CPU.Build.0 = Release|Any CPU
		{93A7C558-53FC-435B-AA5E-DA99A2A34E91}.Debug|Any CPU.ActiveCfg = Debug|Any CPU
		{93A7C558-53FC-435B-AA5E-DA99A2A34E91}.Debug|Any CPU.Build.0 = Debug|Any CPU
		{93A7C558-53FC-435B-AA5E-DA99A2A34E91}.Release|Any CPU.ActiveCfg = Release|Any CPU
		{93A7C558-53FC-435B-AA5E-DA99A2A34E91}.Release|Any CPU.Build.0 = Release|Any CPU
		{79A30842-924B-4650-869E-6CCF0B9F90DF}.Debug|Any CPU.ActiveCfg = Debug|Any CPU
		{79A30842-924B-4650-869E-6CCF0B9F90DF}.Debug|Any CPU.Build.0 = Debug|Any CPU
		{79A30842-924B-4650-869E-6CCF0B9F90DF}.Release|Any CPU.ActiveCfg = Release|Any CPU
		{79A30842-924B-4650-869E-6CCF0B9F90DF}.Release|Any CPU.Build.0 = Release|Any CPU
		{C79914D0-673E-47D6-8277-78B82F89543D}.Debug|Any CPU.ActiveCfg = Debug|Any CPU
		{C79914D0-673E-47D6-8277-78B82F89543D}.Debug|Any CPU.Build.0 = Debug|Any CPU
		{C79914D0-673E-47D6-8277-78B82F89543D}.Release|Any CPU.ActiveCfg = Release|Any CPU
		{C79914D0-673E-47D6-8277-78B82F89543D}.Release|Any CPU.Build.0 = Release|Any CPU
		{CF362B11-40A3-458F-936F-55926CEEEA94}.Debug|Any CPU.ActiveCfg = Debug|Any CPU
		{CF362B11-40A3-458F-936F-55926CEEEA94}.Debug|Any CPU.Build.0 = Debug|Any CPU
		{CF362B11-40A3-458F-936F-55926CEEEA94}.Release|Any CPU.ActiveCfg = Release|Any CPU
		{CF362B11-40A3-458F-936F-55926CEEEA94}.Release|Any CPU.Build.0 = Release|Any CPU
		{77827DAA-594D-4C59-A010-EC8E144F2167}.Debug|Any CPU.ActiveCfg = Debug|Any CPU
		{77827DAA-594D-4C59-A010-EC8E144F2167}.Debug|Any CPU.Build.0 = Debug|Any CPU
		{77827DAA-594D-4C59-A010-EC8E144F2167}.Release|Any CPU.ActiveCfg = Release|Any CPU
		{77827DAA-594D-4C59-A010-EC8E144F2167}.Release|Any CPU.Build.0 = Release|Any CPU
		{74C78383-6FB2-4BF1-A801-E50823935CF4}.Debug|Any CPU.ActiveCfg = Debug|Any CPU
		{74C78383-6FB2-4BF1-A801-E50823935CF4}.Debug|Any CPU.Build.0 = Debug|Any CPU
		{74C78383-6FB2-4BF1-A801-E50823935CF4}.Release|Any CPU.ActiveCfg = Release|Any CPU
		{74C78383-6FB2-4BF1-A801-E50823935CF4}.Release|Any CPU.Build.0 = Release|Any CPU
		{EF2DE6D4-4D02-4E4E-836D-9E2DFE77C9A2}.Debug|Any CPU.ActiveCfg = Debug|Any CPU
		{EF2DE6D4-4D02-4E4E-836D-9E2DFE77C9A2}.Debug|Any CPU.Build.0 = Debug|Any CPU
		{EF2DE6D4-4D02-4E4E-836D-9E2DFE77C9A2}.Release|Any CPU.ActiveCfg = Release|Any CPU
		{EF2DE6D4-4D02-4E4E-836D-9E2DFE77C9A2}.Release|Any CPU.Build.0 = Release|Any CPU
		{7A401354-83CE-41A6-BF49-DBB011F4BCB2}.Debug|Any CPU.ActiveCfg = Debug|Any CPU
		{7A401354-83CE-41A6-BF49-DBB011F4BCB2}.Debug|Any CPU.Build.0 = Debug|Any CPU
		{7A401354-83CE-41A6-BF49-DBB011F4BCB2}.Release|Any CPU.ActiveCfg = Release|Any CPU
		{7A401354-83CE-41A6-BF49-DBB011F4BCB2}.Release|Any CPU.Build.0 = Release|Any CPU
		{D7C5A739-2911-4F64-8DF9-23A5BDA5DA9B}.Debug|Any CPU.ActiveCfg = Debug|Any CPU
		{D7C5A739-2911-4F64-8DF9-23A5BDA5DA9B}.Debug|Any CPU.Build.0 = Debug|Any CPU
		{D7C5A739-2911-4F64-8DF9-23A5BDA5DA9B}.Release|Any CPU.ActiveCfg = Release|Any CPU
		{D7C5A739-2911-4F64-8DF9-23A5BDA5DA9B}.Release|Any CPU.Build.0 = Release|Any CPU
		{CEEF99CF-C136-4D5F-B1E1-73F950E453BF}.Debug|Any CPU.ActiveCfg = Debug|Any CPU
		{CEEF99CF-C136-4D5F-B1E1-73F950E453BF}.Debug|Any CPU.Build.0 = Debug|Any CPU
		{CEEF99CF-C136-4D5F-B1E1-73F950E453BF}.Release|Any CPU.ActiveCfg = Release|Any CPU
		{CEEF99CF-C136-4D5F-B1E1-73F950E453BF}.Release|Any CPU.Build.0 = Release|Any CPU
		{595E7AE2-EB5B-4B2B-9CBD-552A602B447A}.Debug|Any CPU.ActiveCfg = Debug|Any CPU
		{595E7AE2-EB5B-4B2B-9CBD-552A602B447A}.Debug|Any CPU.Build.0 = Debug|Any CPU
		{595E7AE2-EB5B-4B2B-9CBD-552A602B447A}.Release|Any CPU.ActiveCfg = Release|Any CPU
		{595E7AE2-EB5B-4B2B-9CBD-552A602B447A}.Release|Any CPU.Build.0 = Release|Any CPU
		{A1BF44B2-201A-4BA5-B349-3F8ADB77A811}.Debug|Any CPU.ActiveCfg = Debug|Any CPU
		{A1BF44B2-201A-4BA5-B349-3F8ADB77A811}.Debug|Any CPU.Build.0 = Debug|Any CPU
		{A1BF44B2-201A-4BA5-B349-3F8ADB77A811}.Release|Any CPU.ActiveCfg = Release|Any CPU
		{A1BF44B2-201A-4BA5-B349-3F8ADB77A811}.Release|Any CPU.Build.0 = Release|Any CPU
		{E3D304EA-0EB0-4F71-9B0F-81C10140882F}.Debug|Any CPU.ActiveCfg = Debug|Any CPU
		{E3D304EA-0EB0-4F71-9B0F-81C10140882F}.Debug|Any CPU.Build.0 = Debug|Any CPU
		{E3D304EA-0EB0-4F71-9B0F-81C10140882F}.Release|Any CPU.ActiveCfg = Release|Any CPU
		{E3D304EA-0EB0-4F71-9B0F-81C10140882F}.Release|Any CPU.Build.0 = Release|Any CPU
		{68A90F0E-56D1-4007-85F3-BF344B617F76}.Debug|Any CPU.ActiveCfg = Debug|Any CPU
		{68A90F0E-56D1-4007-85F3-BF344B617F76}.Debug|Any CPU.Build.0 = Debug|Any CPU
		{68A90F0E-56D1-4007-85F3-BF344B617F76}.Release|Any CPU.ActiveCfg = Release|Any CPU
		{68A90F0E-56D1-4007-85F3-BF344B617F76}.Release|Any CPU.Build.0 = Release|Any CPU
		{43C570CF-9FA9-4A11-8B14-1747C7B73851}.Debug|Any CPU.ActiveCfg = Debug|Any CPU
		{43C570CF-9FA9-4A11-8B14-1747C7B73851}.Debug|Any CPU.Build.0 = Debug|Any CPU
		{43C570CF-9FA9-4A11-8B14-1747C7B73851}.Release|Any CPU.ActiveCfg = Release|Any CPU
		{43C570CF-9FA9-4A11-8B14-1747C7B73851}.Release|Any CPU.Build.0 = Release|Any CPU
	EndGlobalSection
	GlobalSection(SolutionProperties) = preSolution
		HideSolutionNode = FALSE
	EndGlobalSection
	GlobalSection(NestedProjects) = preSolution
		{93A7C558-53FC-435B-AA5E-DA99A2A34E91} = {7E4DE892-9224-47EB-8DFC-607472DDDAB2}
		{79A30842-924B-4650-869E-6CCF0B9F90DF} = {7E4DE892-9224-47EB-8DFC-607472DDDAB2}
		{C79914D0-673E-47D6-8277-78B82F89543D} = {094BBE03-34DF-4F3B-BA58-D18D5CF25D40}
		{CF362B11-40A3-458F-936F-55926CEEEA94} = {094BBE03-34DF-4F3B-BA58-D18D5CF25D40}
		{7E4DE892-9224-47EB-8DFC-607472DDDAB2} = {375A86A1-FE7C-4D94-99AA-9BBCB38A8D23}
		{DBB5246E-A9E6-4CC9-8942-64759960EF57} = {375A86A1-FE7C-4D94-99AA-9BBCB38A8D23}
		{8BDD6514-5B74-433F-82D7-F9DEC6A657CA} = {375A86A1-FE7C-4D94-99AA-9BBCB38A8D23}
		{77827DAA-594D-4C59-A010-EC8E144F2167} = {8BDD6514-5B74-433F-82D7-F9DEC6A657CA}
		{EF2DE6D4-4D02-4E4E-836D-9E2DFE77C9A2} = {DBB5246E-A9E6-4CC9-8942-64759960EF57}
		{7A401354-83CE-41A6-BF49-DBB011F4BCB2} = {DBB5246E-A9E6-4CC9-8942-64759960EF57}
		{CEEF99CF-C136-4D5F-B1E1-73F950E453BF} = {094BBE03-34DF-4F3B-BA58-D18D5CF25D40}
		{595E7AE2-EB5B-4B2B-9CBD-552A602B447A} = {094BBE03-34DF-4F3B-BA58-D18D5CF25D40}
		{A1BF44B2-201A-4BA5-B349-3F8ADB77A811} = {B2C43ED6-1C63-4406-A458-1499C23BFD49}
		{E3D304EA-0EB0-4F71-9B0F-81C10140882F} = {B2C43ED6-1C63-4406-A458-1499C23BFD49}
		{68A90F0E-56D1-4007-85F3-BF344B617F76} = {094BBE03-34DF-4F3B-BA58-D18D5CF25D40}
	EndGlobalSection
	GlobalSection(ExtensibilityGlobals) = postSolution
		SolutionGuid = {4B5A26C9-68C1-49D9-9F32-AF907A1730C2}
	EndGlobalSection
EndGlobal
